
Microsoft Visual Studio Solution File, Format Version 12.00
# Visual Studio Version 16
VisualStudioVersion = 16.0.31605.320
MinimumVisualStudioVersion = 10.0.40219.1
Project("{FAE04EC0-301F-11D3-BF4B-00C04F79EFBC}") = "ProxyBalancer", "ProxyBalancer\ProxyBalancer.csproj", "{871EDB8C-8BAC-443E-83B5-EDFAC31731B7}"
EndProject
Global
	GlobalSection(SolutionConfigurationPlatforms) = preSolution
		Debug|Any CPU = Debug|Any CPU
		Release|Any CPU = Release|Any CPU
	EndGlobalSection
	GlobalSection(ProjectConfigurationPlatforms) = postSolution
		{871EDB8C-8BAC-443E-83B5-EDFAC31731B7}.Debug|Any CPU.ActiveCfg = Debug|Any CPU
		{871EDB8C-8BAC-443E-83B5-EDFAC31731B7}.Debug|Any CPU.Build.0 = Debug|Any CPU
		{871EDB8C-8BAC-443E-83B5-EDFAC31731B7}.Release|Any CPU.ActiveCfg = Release|Any CPU
		{871EDB8C-8BAC-443E-83B5-EDFAC31731B7}.Release|Any CPU.Build.0 = Release|Any CPU
	EndGlobalSection
	GlobalSection(SolutionProperties) = preSolution
		HideSolutionNode = FALSE
	EndGlobalSection
	GlobalSection(ExtensibilityGlobals) = postSolution
		SolutionGuid = {96059AED-3859-4260-9035-60257AE926BC}
	EndGlobalSection
EndGlobal
